{
  "name": "lmlabs-monorepo",
  "lockfileVersion": 3,
  "requires": true,
  "packages": {
    "": {
      "name": "lmlabs-monorepo",
      "devDependencies": {
        "turbo": "^2.3.0"
      },
      "engines": {
        "node": ">=20"
      }
    },
    "node_modules/@turbo/darwin-64": {
      "version": "2.10.2",
      "resolved": "https://registry.npmjs.org/@turbo/darwin-64/-/darwin-64-2.10.2.tgz",
      "integrity": "sha512-wBM3ObqOWnKUDmg7QfUFDkDHPFUAJmrYlYqmEM8jMPAPA/I6wRJIbWimeQUqhOiQ8xPKhzyWM+xaiUP0wz8FEQ==",
      "cpu": [
        "x64"
      ],
      "dev": true,
      "license": "MIT",
      "optional": true,
      "os": [
        "darwin"
      ]
    },
    "node_modules/@turbo/darwin-arm64": {
      "version": "2.10.2",
      "resolved": "https://registry.npmjs.org/@turbo/darwin-arm64/-/darwin-arm64-2.10.2.tgz",
      "integrity": "sha512-/Cq0joWnuMjDPfhjbFP4sv+C/7gkQ415zlaO4XUzD5EZxbtrKgXKvuuydMvogG8GeUnN1aDltW71RlmEfpjbyw==",
      "cpu": [
        "arm64"
      ],
      "dev": true,
      "license": "MIT",
      "optional": true,
      "os": [
        "darwin"
      ]
    },
    "node_modules/@turbo/linux-64": {
      "version": "2.10.2",
      "cpu": [
        "x64"
      ],
      "dev": true,
      "license": "MIT",
      "optional": true,
      "os": [
        "linux"
      ]
    },
    "node_modules/@turbo/linux-arm64": {
      "version": "2.10.2",
      "resolved": "https://registry.npmjs.org/@turbo/linux-arm64/-/linux-arm64-2.10.2.tgz",
      "integrity": "sha512-Wcng1i2kaKmXutmwxT9MUoYZvdaIekXAdlGr4+0TpgbhGLw7nDuEcRBFrxb5BbRoX1d1q8SpdRxLc45TvDZIdQ==",
      "cpu": [
        "arm64"
      ],
      "dev": true,
      "license": "MIT",
      "optional": true,
      "os": [
        "linux"
      ]
    },
    "node_modules/@turbo/windows-64": {
      "version": "2.10.2",
      "resolved": "https://registry.npmjs.org/@turbo/windows-64/-/windows-64-2.10.2.tgz",
      "integrity": "sha512-SsNhM7Ho7EpAdwtrJKBOic9Hso23vu6Dp0gAfLOvUFjPzurr/sGQlXZEvr6z89ne4RDOypTwz5CBDrixpMKtXw==",
      "cpu": [
        "x64"
      ],
      "dev": true,
      "license": "MIT",
      "optional": true,
      "os": [
        "win32"
      ]
    },
    "node_modules/@turbo/windows-arm64": {
      "version": "2.10.2",
      "resolved": "https://registry.npmjs.org/@turbo/windows-arm64/-/windows-arm64-2.10.2.tgz",
      "integrity": "sha512-Gf+S7ICAdimT/n02bOuVWKvhHnct/HYjZg3oBNIz5hZ9ZyWHbQim9J3P5Qip8WpX0ksxF7eaBVziJCuLnjhqDg==",
      "cpu": [
        "arm64"
      ],
      "dev": true,
      "license": "MIT",
      "optional": true,
      "os": [
        "win32"
      ]
    },
    "node_modules/turbo": {
      "version": "2.10.2",
      "dev": true,
      "license": "MIT",
      "bin": {
        "turbo": "bin/turbo"
      },
      "optionalDependencies": {
        "@turbo/darwin-64": "2.10.2",
        "@turbo/darwin-arm64": "2.10.2",
        "@turbo/linux-64": "2.10.2",
        "@turbo/linux-arm64": "2.10.2",
        "@turbo/windows-64": "2.10.2",
        "@turbo/windows-arm64": "2.10.2"
      }
    }
  }
}
